
Microsoft Visual Studio Solution File, Format Version 12.00
# Visual Studio Version 16
VisualStudioVersion = 16.0.30804.86
MinimumVisualStudioVersion = 10.0.40219.1
Project("{FAE04EC0-301F-11D3-BF4B-00C04F79EFBC}") = "Teknik_Takip", "Teknik_Takip\Teknik_Takip.csproj", "{BD410006-ABBF-423D-B2BB-B88018DC327C}"
EndProject
Project("{54435603-DBB4-11D2-8724-00A0C9A8B90C}") = "Teknik Takip v4.0 Setup", "Teknik Takip v4.0 Setup\Teknik Takip v4.0 Setup.vdproj", "{35A2ED5F-F23B-4581-9E06-22352D3CDC24}"
EndProject
Global
	GlobalSection(SolutionConfigurationPlatforms) = preSolution
		Debug|Any CPU = Debug|Any CPU
		Release|Any CPU = Release|Any CPU
	EndGlobalSection
	GlobalSection(ProjectConfigurationPlatforms) = postSolution
		{BD410006-ABBF-423D-B2BB-B88018DC327C}.Debug|Any CPU.ActiveCfg = Debug|Any CPU
		{BD410006-ABBF-423D-B2BB-B88018DC327C}.Debug|Any CPU.Build.0 = Debug|Any CPU
		{BD410006-ABBF-423D-B2BB-B88018DC327C}.Release|Any CPU.ActiveCfg = Release|Any CPU
		{BD410006-ABBF-423D-B2BB-B88018DC327C}.Release|Any CPU.Build.0 = Release|Any CPU
		{35A2ED5F-F23B-4581-9E06-22352D3CDC24}.Debug|Any CPU.ActiveCfg = Debug
		{35A2ED5F-F23B-4581-9E06-22352D3CDC24}.Release|Any CPU.ActiveCfg = Release
	EndGlobalSection
	GlobalSection(SolutionProperties) = preSolution
		HideSolutionNode = FALSE
	EndGlobalSection
	GlobalSection(ExtensibilityGlobals) = postSolution
		SolutionGuid = {1EBD8EF0-9759-4081-97F3-C1F660CD356C}
	EndGlobalSection
EndGlobal
