
Microsoft Visual Studio Solution File, Format Version 12.00
# Visual Studio 15
VisualStudioVersion = 15.0.28307.960
MinimumVisualStudioVersion = 10.0.40219.1
Project("{54435603-DBB4-11D2-8724-00A0C9A8B90C}") = "112 Teknik Takip Programı", "112 Teknik Takip Programı\112 Teknik Takip Programı.vdproj", "{000CDCDF-B302-4EC3-BB0D-3E154BD9C4F8}"
EndProject
Global
	GlobalSection(SolutionConfigurationPlatforms) = preSolution
		Debug|Default = Debug|Default
		Release|Default = Release|Default
	EndGlobalSection
	GlobalSection(ProjectConfigurationPlatforms) = postSolution
		{000CDCDF-B302-4EC3-BB0D-3E154BD9C4F8}.Debug|Default.ActiveCfg = Debug
		{000CDCDF-B302-4EC3-BB0D-3E154BD9C4F8}.Debug|Default.Build.0 = Debug
		{000CDCDF-B302-4EC3-BB0D-3E154BD9C4F8}.Release|Default.ActiveCfg = Release
		{000CDCDF-B302-4EC3-BB0D-3E154BD9C4F8}.Release|Default.Build.0 = Release
	EndGlobalSection
	GlobalSection(SolutionProperties) = preSolution
		HideSolutionNode = FALSE
	EndGlobalSection
	GlobalSection(ExtensibilityGlobals) = postSolution
		SolutionGuid = {8F803D65-21DF-4443-8DAD-5EA260CB7E37}
	EndGlobalSection
EndGlobal
