
Microsoft Visual Studio Solution File, Format Version 12.00
# Visual Studio 15
VisualStudioVersion = 15.0.28307.960
MinimumVisualStudioVersion = 10.0.40219.1
Project("{54435603-DBB4-11D2-8724-00A0C9A8B90C}") = "112 Teknik Takip Kurulum", "112 Teknik Takip Kurulum\112 Teknik Takip Kurulum.vdproj", "{E78F885F-65CF-4FB7-AF00-F0275568DD82}"
EndProject
Global
	GlobalSection(SolutionConfigurationPlatforms) = preSolution
		Debug|Default = Debug|Default
		Release|Default = Release|Default
	EndGlobalSection
	GlobalSection(ProjectConfigurationPlatforms) = postSolution
		{E78F885F-65CF-4FB7-AF00-F0275568DD82}.Debug|Default.ActiveCfg = Debug
		{E78F885F-65CF-4FB7-AF00-F0275568DD82}.Debug|Default.Build.0 = Debug
		{E78F885F-65CF-4FB7-AF00-F0275568DD82}.Release|Default.ActiveCfg = Release
		{E78F885F-65CF-4FB7-AF00-F0275568DD82}.Release|Default.Build.0 = Release
	EndGlobalSection
	GlobalSection(SolutionProperties) = preSolution
		HideSolutionNode = FALSE
	EndGlobalSection
	GlobalSection(ExtensibilityGlobals) = postSolution
		SolutionGuid = {1734B845-E314-4F83-9208-AEC5C2FD1FBE}
	EndGlobalSection
EndGlobal
